
Microsoft Visual Studio Solution File, Format Version 12.00
# Visual Studio Version 17
VisualStudioVersion = 17.14.36221.1 d17.14
MinimumVisualStudioVersion = 10.0.40219.1
Project("{FAE04EC0-301F-11D3-BF4B-00C04F79EFBC}") = "KafkaChatProducer", "chat\KafkaChatProducer.csproj", "{AAD42E8B-3AF9-46FE-A3C5-DF403F5FE89E}"
EndProject
Project("{FAE04EC0-301F-11D3-BF4B-00C04F79EFBC}") = "KafkaChatConsumer", "KafkaChatConsumer\KafkaChatConsumer.csproj", "{40AC613C-0BD5-446D-9C7B-5124E081EE6A}"
EndProject
Global
	GlobalSection(SolutionConfigurationPlatforms) = preSolution
		Debug|Any CPU = Debug|Any CPU
		Release|Any CPU = Release|Any CPU
	EndGlobalSection
	GlobalSection(ProjectConfigurationPlatforms) = postSolution
		{AAD42E8B-3AF9-46FE-A3C5-DF403F5FE89E}.Debug|Any CPU.ActiveCfg = Debug|Any CPU
		{AAD42E8B-3AF9-46FE-A3C5-DF403F5FE89E}.Debug|Any CPU.Build.0 = Debug|Any CPU
		{AAD42E8B-3AF9-46FE-A3C5-DF403F5FE89E}.Release|Any CPU.ActiveCfg = Release|Any CPU
		{AAD42E8B-3AF9-46FE-A3C5-DF403F5FE89E}.Release|Any CPU.Build.0 = Release|Any CPU
		{40AC613C-0BD5-446D-9C7B-5124E081EE6A}.Debug|Any CPU.ActiveCfg = Debug|Any CPU
		{40AC613C-0BD5-446D-9C7B-5124E081EE6A}.Debug|Any CPU.Build.0 = Debug|Any CPU
		{40AC613C-0BD5-446D-9C7B-5124E081EE6A}.Release|Any CPU.ActiveCfg = Release|Any CPU
		{40AC613C-0BD5-446D-9C7B-5124E081EE6A}.Release|Any CPU.Build.0 = Release|Any CPU
	EndGlobalSection
	GlobalSection(SolutionProperties) = preSolution
		HideSolutionNode = FALSE
	EndGlobalSection
	GlobalSection(ExtensibilityGlobals) = postSolution
		SolutionGuid = {2406D095-4CA7-4C9C-8372-B1BD328B9217}
	EndGlobalSection
EndGlobal
