Microsoft Visual Studio Solution File, Format Version 12.00
# Visual Studio Version 17
VisualStudioVersion = 17.5.2.0
MinimumVisualStudioVersion = 10.0.40219.1
Project("{FAE04EC0-301F-11D3-BF4B-00C04F79EFBC}") = "FirstWebAPI", "FirstWebAPI\FirstWebAPI.csproj", "{8EC2A5EE-7FC7-D411-7588-F6509B2ECAE6}"
EndProject
Global
	GlobalSection(SolutionConfigurationPlatforms) = preSolution
		Debug|Any CPU = Debug|Any CPU
		Release|Any CPU = Release|Any CPU
	EndGlobalSection
	GlobalSection(ProjectConfigurationPlatforms) = postSolution
		{8EC2A5EE-7FC7-D411-7588-F6509B2ECAE6}.Debug|Any CPU.ActiveCfg = Debug|Any CPU
		{8EC2A5EE-7FC7-D411-7588-F6509B2ECAE6}.Debug|Any CPU.Build.0 = Debug|Any CPU
		{8EC2A5EE-7FC7-D411-7588-F6509B2ECAE6}.Release|Any CPU.ActiveCfg = Release|Any CPU
		{8EC2A5EE-7FC7-D411-7588-F6509B2ECAE6}.Release|Any CPU.Build.0 = Release|Any CPU
	EndGlobalSection
	GlobalSection(SolutionProperties) = preSolution
		HideSolutionNode = FALSE
	EndGlobalSection
	GlobalSection(ExtensibilityGlobals) = postSolution
		SolutionGuid = {76AE34FB-0175-4D0D-88FA-0F68D8A7436C}
	EndGlobalSection
EndGlobal
