Microsoft Visual Studio Solution File, Format Version 12.00
# Visual Studio Version 17
VisualStudioVersion = 17.5.2.0
MinimumVisualStudioVersion = 10.0.40219.1
Project("{2150E333-8FDC-42A3-9474-1A3956D46DE8}") = "CustomerEmailApp", "CustomerEmailApp", "{D9E15D32-3649-46D3-8944-049E30E7E55B}"
EndProject
Project("{FAE04EC0-301F-11D3-BF4B-00C04F79EFBC}") = "CustomerComm.Tests", "CustomerEmailApp\CustomerComm.Tests\CustomerComm.Tests.csproj", "{BA192E26-F2A0-A4D4-5BCF-3AB4AFD3F693}"
EndProject
Project("{FAE04EC0-301F-11D3-BF4B-00C04F79EFBC}") = "CustomerCommLib", "CustomerEmailApp\CustomerCommLib\CustomerCommLib.csproj", "{858281D9-727C-2AEA-1F93-627DEA836F15}"
EndProject
Global
	GlobalSection(SolutionConfigurationPlatforms) = preSolution
		Debug|Any CPU = Debug|Any CPU
		Release|Any CPU = Release|Any CPU
	EndGlobalSection
	GlobalSection(ProjectConfigurationPlatforms) = postSolution
		{BA192E26-F2A0-A4D4-5BCF-3AB4AFD3F693}.Debug|Any CPU.ActiveCfg = Debug|Any CPU
		{BA192E26-F2A0-A4D4-5BCF-3AB4AFD3F693}.Debug|Any CPU.Build.0 = Debug|Any CPU
		{BA192E26-F2A0-A4D4-5BCF-3AB4AFD3F693}.Release|Any CPU.ActiveCfg = Release|Any CPU
		{BA192E26-F2A0-A4D4-5BCF-3AB4AFD3F693}.Release|Any CPU.Build.0 = Release|Any CPU
		{858281D9-727C-2AEA-1F93-627DEA836F15}.Debug|Any CPU.ActiveCfg = Debug|Any CPU
		{858281D9-727C-2AEA-1F93-627DEA836F15}.Debug|Any CPU.Build.0 = Debug|Any CPU
		{858281D9-727C-2AEA-1F93-627DEA836F15}.Release|Any CPU.ActiveCfg = Release|Any CPU
		{858281D9-727C-2AEA-1F93-627DEA836F15}.Release|Any CPU.Build.0 = Release|Any CPU
	EndGlobalSection
	GlobalSection(SolutionProperties) = preSolution
		HideSolutionNode = FALSE
	EndGlobalSection
	GlobalSection(NestedProjects) = preSolution
		{BA192E26-F2A0-A4D4-5BCF-3AB4AFD3F693} = {D9E15D32-3649-46D3-8944-049E30E7E55B}
		{858281D9-727C-2AEA-1F93-627DEA836F15} = {D9E15D32-3649-46D3-8944-049E30E7E55B}
	EndGlobalSection
	GlobalSection(ExtensibilityGlobals) = postSolution
		SolutionGuid = {1497D0F3-237F-438A-BDF0-E2721FEBCF83}
	EndGlobalSection
EndGlobal
